// !$*UTF8*$!
{
	archiveVersion = 1;
	classes = {
	};
	objectVersion = 52;
	objects = {

/* Begin PBXBuildFile section */
		5407BBCF27195E0C005D1E29 /* CustomEditButton.swift in Sources */ = {isa = PBXBuildFile; fileRef = 5407BBCE27195E0C005D1E29 /* CustomEditButton.swift */; };
		5418DC6F27B6C460007D98B0 /* CreateView.swift in Sources */ = {isa = PBXBuildFile; fileRef = 5418DC6E27B6C460007D98B0 /* CreateView.swift */; };
		545C16D02859BF6A0037C723 /* Introspect in Frameworks */ = {isa = PBXBuildFile; productRef = 545C16CF2859BF6A0037C723 /* Introspect */; };
		547AC6102862B9BB000ABE3C /* Day.swift in Sources */ = {isa = PBXBuildFile; fileRef = 547AC60F2862B9BB000ABE3C /* Day.swift */; };
		547AC6132862BA18000ABE3C /* AchievedDaysViewModel.swift in Sources */ = {isa = PBXBuildFile; fileRef = 547AC6122862BA18000ABE3C /* AchievedDaysViewModel.swift */; };
		547AC6162862C58A000ABE3C /* DayConverter.swift in Sources */ = {isa = PBXBuildFile; fileRef = 547AC6152862C58A000ABE3C /* DayConverter.swift */; };
		547AC6182862E6C5000ABE3C /* TodoRow.swift in Sources */ = {isa = PBXBuildFile; fileRef = 547AC6172862E6C5000ABE3C /* TodoRow.swift */; };
		547AC61A2862EE71000ABE3C /* BarChart.swift in Sources */ = {isa = PBXBuildFile; fileRef = 547AC6192862EE71000ABE3C /* BarChart.swift */; };
		547AC61D2862EF7D000ABE3C /* Charts in Frameworks */ = {isa = PBXBuildFile; productRef = 547AC61C2862EF7D000ABE3C /* Charts */; };
		547AC61F2862F00E000ABE3C /* ChartPage.swift in Sources */ = {isa = PBXBuildFile; fileRef = 547AC61E2862F00E000ABE3C /* ChartPage.swift */; };
		547AC6212862F672000ABE3C /* ChartsSection.swift in Sources */ = {isa = PBXBuildFile; fileRef = 547AC6202862F672000ABE3C /* ChartsSection.swift */; };
		54B6704826F1C2DB00DB5688 /* ContentView.swift in Sources */ = {isa = PBXBuildFile; fileRef = 54B6704726F1C2DB00DB5688 /* ContentView.swift */; };
		54B6704A26F1C2DD00DB5688 /* Assets.xcassets in Resources */ = {isa = PBXBuildFile; fileRef = 54B6704926F1C2DD00DB5688 /* Assets.xcassets */; };
		54B6704D26F1C2DD00DB5688 /* Preview Assets.xcassets in Resources */ = {isa = PBXBuildFile; fileRef = 54B6704C26F1C2DD00DB5688 /* Preview Assets.xcassets */; };
		54B6705026F1C2DD00DB5688 /* LaunchScreen.storyboard in Resources */ = {isa = PBXBuildFile; fileRef = 54B6704E26F1C2DD00DB5688 /* LaunchScreen.storyboard */; };
		54B6707426F1C4F900DB5688 /* FirstView.swift in Sources */ = {isa = PBXBuildFile; fileRef = 54B6707326F1C4F900DB5688 /* FirstView.swift */; };
		54B6707626F1C54A00DB5688 /* SecondView.swift in Sources */ = {isa = PBXBuildFile; fileRef = 54B6707526F1C54A00DB5688 /* SecondView.swift */; };
		54B6707826F1C55600DB5688 /* ThirdView.swift in Sources */ = {isa = PBXBuildFile; fileRef = 54B6707726F1C55600DB5688 /* ThirdView.swift */; };
		54B6707A26F1C63700DB5688 /* EditView.swift in Sources */ = {isa = PBXBuildFile; fileRef = 54B6707926F1C63700DB5688 /* EditView.swift */; };
		54B6707D26F2CB9B00DB5688 /* Realm in Frameworks */ = {isa = PBXBuildFile; productRef = 54B6707C26F2CB9B00DB5688 /* Realm */; };
		54B6707F26F2CB9B00DB5688 /* RealmSwift in Frameworks */ = {isa = PBXBuildFile; productRef = 54B6707E26F2CB9B00DB5688 /* RealmSwift */; };
		54B6708126F2CBCF00DB5688 /* Todo.swift in Sources */ = {isa = PBXBuildFile; fileRef = 54B6708026F2CBCF00DB5688 /* Todo.swift */; };
		54CD1834274E82E00063C42E /* TodoMemoriesApp.swift in Sources */ = {isa = PBXBuildFile; fileRef = 54CD1833274E82E00063C42E /* TodoMemoriesApp.swift */; };
		54DE528826F8A1DF0053F126 /* WidgetKit.framework in Frameworks */ = {isa = PBXBuildFile; fileRef = 54DE528726F8A1DF0053F126 /* WidgetKit.framework */; };
		54DE528A26F8A1DF0053F126 /* SwiftUI.framework in Frameworks */ = {isa = PBXBuildFile; fileRef = 54DE528926F8A1DF0053F126 /* SwiftUI.framework */; };
		54DE528D26F8A1DF0053F126 /* FirstWidget.swift in Sources */ = {isa = PBXBuildFile; fileRef = 54DE528C26F8A1DF0053F126 /* FirstWidget.swift */; };
		54DE529026F8A1E00053F126 /* Assets.xcassets in Resources */ = {isa = PBXBuildFile; fileRef = 54DE528F26F8A1E00053F126 /* Assets.xcassets */; };
		54DE529226F8A1E00053F126 /* FirstWidget.intentdefinition in Sources */ = {isa = PBXBuildFile; fileRef = 54DE528E26F8A1DF0053F126 /* FirstWidget.intentdefinition */; };
		54DE529326F8A1E00053F126 /* FirstWidget.intentdefinition in Sources */ = {isa = PBXBuildFile; fileRef = 54DE528E26F8A1DF0053F126 /* FirstWidget.intentdefinition */; };
		54DE529626F8A1E00053F126 /* FirstWidgetExtension.appex in Embed App Extensions */ = {isa = PBXBuildFile; fileRef = 54DE528526F8A1DF0053F126 /* FirstWidgetExtension.appex */; settings = {ATTRIBUTES = (RemoveHeadersOnCopy, ); }; };
		54DE529C26F8B6E10053F126 /* Todo.swift in Sources */ = {isa = PBXBuildFile; fileRef = 54B6708026F2CBCF00DB5688 /* Todo.swift */; };
		54DE529E26F8B7310053F126 /* Realm in Frameworks */ = {isa = PBXBuildFile; productRef = 54DE529D26F8B7310053F126 /* Realm */; };
		54DE52A026F8B7340053F126 /* RealmSwift in Frameworks */ = {isa = PBXBuildFile; productRef = 54DE529F26F8B7340053F126 /* RealmSwift */; };
/* End PBXBuildFile section */

/* Begin PBXContainerItemProxy section */
		54B6705726F1C2DD00DB5688 /* PBXContainerItemProxy */ = {
			isa = PBXContainerItemProxy;
			containerPortal = 54B6703826F1C2DB00DB5688 /* Project object */;
			proxyType = 1;
			remoteGlobalIDString = 54B6703F26F1C2DB00DB5688;
			remoteInfo = TodoDiary;
		};
		54B6706226F1C2DD00DB5688 /* PBXContainerItemProxy */ = {
			isa = PBXContainerItemProxy;
			containerPortal = 54B6703826F1C2DB00DB5688 /* Project object */;
			proxyType = 1;
			remoteGlobalIDString = 54B6703F26F1C2DB00DB5688;
			remoteInfo = TodoDiary;
		};
		54DE529426F8A1E00053F126 /* PBXContainerItemProxy */ = {
			isa = PBXContainerItemProxy;
			containerPortal = 54B6703826F1C2DB00DB5688 /* Project object */;
			proxyType = 1;
			remoteGlobalIDString = 54DE528426F8A1DF0053F126;
			remoteInfo = FirstWidgetExtension;
		};
/* End PBXContainerItemProxy section */

/* Begin PBXCopyFilesBuildPhase section */
		54DE529A26F8A1E00053F126 /* Embed App Extensions */ = {
			isa = PBXCopyFilesBuildPhase;
			buildActionMask = 2147483647;
			dstPath = "";
			dstSubfolderSpec = 13;
			files = (
				54DE529626F8A1E00053F126 /* FirstWidgetExtension.appex in Embed App Extensions */,
			);
			name = "Embed App Extensions";
			runOnlyForDeploymentPostprocessing = 0;
		};
/* End PBXCopyFilesBuildPhase section */

/* Begin PBXFileReference section */
		5407BBCE27195E0C005D1E29 /* CustomEditButton.swift */ = {isa = PBXFileReference; lastKnownFileType = sourcecode.swift; path = CustomEditButton.swift; sourceTree = "<group>"; };
		5418DC6E27B6C460007D98B0 /* CreateView.swift */ = {isa = PBXFileReference; lastKnownFileType = sourcecode.swift; path = CreateView.swift; sourceTree = "<group>"; };
		542F9A8E270BE7A3003ACEE7 /* .gitignore */ = {isa = PBXFileReference; lastKnownFileType = text; path = .gitignore; sourceTree = "<group>"; };
		547AC60F2862B9BB000ABE3C /* Day.swift */ = {isa = PBXFileReference; lastKnownFileType = sourcecode.swift; path = Day.swift; sourceTree = "<group>"; };
		547AC6122862BA18000ABE3C /* AchievedDaysViewModel.swift */ = {isa = PBXFileReference; lastKnownFileType = sourcecode.swift; path = AchievedDaysViewModel.swift; sourceTree = "<group>"; };
		547AC6152862C58A000ABE3C /* DayConverter.swift */ = {isa = PBXFileReference; lastKnownFileType = sourcecode.swift; path = DayConverter.swift; sourceTree = "<group>"; };
		547AC6172862E6C5000ABE3C /* TodoRow.swift */ = {isa = PBXFileReference; lastKnownFileType = sourcecode.swift; path = TodoRow.swift; sourceTree = "<group>"; };
		547AC6192862EE71000ABE3C /* BarChart.swift */ = {isa = PBXFileReference; lastKnownFileType = sourcecode.swift; path = BarChart.swift; sourceTree = "<group>"; };
		547AC61E2862F00E000ABE3C /* ChartPage.swift */ = {isa = PBXFileReference; lastKnownFileType = sourcecode.swift; path = ChartPage.swift; sourceTree = "<group>"; };
		547AC6202862F672000ABE3C /* ChartsSection.swift */ = {isa = PBXFileReference; lastKnownFileType = sourcecode.swift; path = ChartsSection.swift; sourceTree = "<group>"; };
		54B6704026F1C2DB00DB5688 /* TodoMemories.app */ = {isa = PBXFileReference; explicitFileType = wrapper.application; includeInIndex = 0; path = TodoMemories.app; sourceTree = BUILT_PRODUCTS_DIR; };
		54B6704726F1C2DB00DB5688 /* ContentView.swift */ = {isa = PBXFileReference; lastKnownFileType = sourcecode.swift; path = ContentView.swift; sourceTree = "<group>"; };
		54B6704926F1C2DD00DB5688 /* Assets.xcassets */ = {isa = PBXFileReference; lastKnownFileType = folder.assetcatalog; path = Assets.xcassets; sourceTree = "<group>"; };
		54B6704C26F1C2DD00DB5688 /* Preview Assets.xcassets */ = {isa = PBXFileReference; lastKnownFileType = folder.assetcatalog; path = "Preview Assets.xcassets"; sourceTree = "<group>"; };
		54B6704F26F1C2DD00DB5688 /* Base */ = {isa = PBXFileReference; lastKnownFileType = file.storyboard; name = Base; path = Base.lproj/LaunchScreen.storyboard; sourceTree = "<group>"; };
		54B6705126F1C2DD00DB5688 /* Info.plist */ = {isa = PBXFileReference; lastKnownFileType = text.plist.xml; path = Info.plist; sourceTree = "<group>"; };
		54B6705626F1C2DD00DB5688 /* TodoMemoriesTests.xctest */ = {isa = PBXFileReference; explicitFileType = wrapper.cfbundle; includeInIndex = 0; path = TodoMemoriesTests.xctest; sourceTree = BUILT_PRODUCTS_DIR; };
		54B6706126F1C2DD00DB5688 /* TodoMemoriesUITests.xctest */ = {isa = PBXFileReference; explicitFileType = wrapper.cfbundle; includeInIndex = 0; path = TodoMemoriesUITests.xctest; sourceTree = BUILT_PRODUCTS_DIR; };
		54B6707326F1C4F900DB5688 /* FirstView.swift */ = {isa = PBXFileReference; lastKnownFileType = sourcecode.swift; path = FirstView.swift; sourceTree = "<group>"; };
		54B6707526F1C54A00DB5688 /* SecondView.swift */ = {isa = PBXFileReference; lastKnownFileType = sourcecode.swift; path = SecondView.swift; sourceTree = "<group>"; };
		54B6707726F1C55600DB5688 /* ThirdView.swift */ = {isa = PBXFileReference; lastKnownFileType = sourcecode.swift; path = ThirdView.swift; sourceTree = "<group>"; };
		54B6707926F1C63700DB5688 /* EditView.swift */ = {isa = PBXFileReference; lastKnownFileType = sourcecode.swift; path = EditView.swift; sourceTree = "<group>"; };
		54B6708026F2CBCF00DB5688 /* Todo.swift */ = {isa = PBXFileReference; lastKnownFileType = sourcecode.swift; path = Todo.swift; sourceTree = "<group>"; };
		54CD1833274E82E00063C42E /* TodoMemoriesApp.swift */ = {isa = PBXFileReference; lastKnownFileType = sourcecode.swift; path = TodoMemoriesApp.swift; sourceTree = "<group>"; };
		54DE528526F8A1DF0053F126 /* FirstWidgetExtension.appex */ = {isa = PBXFileReference; explicitFileType = "wrapper.app-extension"; includeInIndex = 0; path = FirstWidgetExtension.appex; sourceTree = BUILT_PRODUCTS_DIR; };
		54DE528726F8A1DF0053F126 /* WidgetKit.framework */ = {isa = PBXFileReference; lastKnownFileType = wrapper.framework; name = WidgetKit.framework; path = System/Library/Frameworks/WidgetKit.framework; sourceTree = SDKROOT; };
		54DE528926F8A1DF0053F126 /* SwiftUI.framework */ = {isa = PBXFileReference; lastKnownFileType = wrapper.framework; name = SwiftUI.framework; path = System/Library/Frameworks/SwiftUI.framework; sourceTree = SDKROOT; };
		54DE528C26F8A1DF0053F126 /* FirstWidget.swift */ = {isa = PBXFileReference; lastKnownFileType = sourcecode.swift; path = FirstWidget.swift; sourceTree = "<group>"; };
		54DE528E26F8A1DF0053F126 /* FirstWidget.intentdefinition */ = {isa = PBXFileReference; lastKnownFileType = file.intentdefinition; path = FirstWidget.intentdefinition; sourceTree = "<group>"; };
		54DE528F26F8A1E00053F126 /* Assets.xcassets */ = {isa = PBXFileReference; lastKnownFileType = folder.assetcatalog; path = Assets.xcassets; sourceTree = "<group>"; };
		54DE529126F8A1E00053F126 /* Info.plist */ = {isa = PBXFileReference; lastKnownFileType = text.plist.xml; path = Info.plist; sourceTree = "<group>"; };
		54DE52A126F8B7D50053F126 /* TodoMemories.entitlements */ = {isa = PBXFileReference; lastKnownFileType = text.plist.entitlements; path = TodoMemories.entitlements; sourceTree = "<group>"; };
		54DE52A226F8B80C0053F126 /* FirstWidgetExtension.entitlements */ = {isa = PBXFileReference; lastKnownFileType = text.plist.entitlements; path = FirstWidgetExtension.entitlements; sourceTree = "<group>"; };
/* End PBXFileReference section */

/* Begin PBXFrameworksBuildPhase section */
		54B6703D26F1C2DB00DB5688 /* Frameworks */ = {
			isa = PBXFrameworksBuildPhase;
			buildActionMask = 2147483647;
			files = (
				547AC61D2862EF7D000ABE3C /* Charts in Frameworks */,
				54B6707F26F2CB9B00DB5688 /* RealmSwift in Frameworks */,
				545C16D02859BF6A0037C723 /* Introspect in Frameworks */,
				54B6707D26F2CB9B00DB5688 /* Realm in Frameworks */,
			);
			runOnlyForDeploymentPostprocessing = 0;
		};
		54B6705326F1C2DD00DB5688 /* Frameworks */ = {
			isa = PBXFrameworksBuildPhase;
			buildActionMask = 2147483647;
			files = (
			);
			runOnlyForDeploymentPostprocessing = 0;
		};
		54B6705E26F1C2DD00DB5688 /* Frameworks */ = {
			isa = PBXFrameworksBuildPhase;
			buildActionMask = 2147483647;
			files = (
			);
			runOnlyForDeploymentPostprocessing = 0;
		};
		54DE528226F8A1DF0053F126 /* Frameworks */ = {
			isa = PBXFrameworksBuildPhase;
			buildActionMask = 2147483647;
			files = (
				54DE52A026F8B7340053F126 /* RealmSwift in Frameworks */,
				54DE529E26F8B7310053F126 /* Realm in Frameworks */,
				54DE528A26F8A1DF0053F126 /* SwiftUI.framework in Frameworks */,
				54DE528826F8A1DF0053F126 /* WidgetKit.framework in Frameworks */,
			);
			runOnlyForDeploymentPostprocessing = 0;
		};
/* End PBXFrameworksBuildPhase section */

/* Begin PBXGroup section */
		547AC6112862BA02000ABE3C /* ViewModels */ = {
			isa = PBXGroup;
			children = (
				547AC6122862BA18000ABE3C /* AchievedDaysViewModel.swift */,
			);
			path = ViewModels;
			sourceTree = "<group>";
		};
		547AC6142862C57A000ABE3C /* Utilities */ = {
			isa = PBXGroup;
			children = (
				547AC6152862C58A000ABE3C /* DayConverter.swift */,
			);
			path = Utilities;
			sourceTree = "<group>";
		};
		54B6703726F1C2DB00DB5688 = {
			isa = PBXGroup;
			children = (
				54DE52A226F8B80C0053F126 /* FirstWidgetExtension.entitlements */,
				542F9A8E270BE7A3003ACEE7 /* .gitignore */,
				54B6704226F1C2DB00DB5688 /* TodoMemories */,
				54DE528B26F8A1DF0053F126 /* FirstWidget */,
				54DE528626F8A1DF0053F126 /* Frameworks */,
				54B6704126F1C2DB00DB5688 /* Products */,
			);
			sourceTree = "<group>";
		};
		54B6704126F1C2DB00DB5688 /* Products */ = {
			isa = PBXGroup;
			children = (
				54B6704026F1C2DB00DB5688 /* TodoMemories.app */,
				54B6705626F1C2DD00DB5688 /* TodoMemoriesTests.xctest */,
				54B6706126F1C2DD00DB5688 /* TodoMemoriesUITests.xctest */,
				54DE528526F8A1DF0053F126 /* FirstWidgetExtension.appex */,
			);
			name = Products;
			sourceTree = "<group>";
		};
		54B6704226F1C2DB00DB5688 /* TodoMemories */ = {
			isa = PBXGroup;
			children = (
				54DE52A126F8B7D50053F126 /* TodoMemories.entitlements */,
				54CD1833274E82E00063C42E /* TodoMemoriesApp.swift */,
				54DE523D26F7946C0053F126 /* Entities */,
				547AC6112862BA02000ABE3C /* ViewModels */,
				54DE523C26F794300053F126 /* Views */,
				54DE523E26F794A00053F126 /* Components */,
				547AC6142862C57A000ABE3C /* Utilities */,
				54B6704926F1C2DD00DB5688 /* Assets.xcassets */,
				54B6704E26F1C2DD00DB5688 /* LaunchScreen.storyboard */,
				54B6705126F1C2DD00DB5688 /* Info.plist */,
				54B6704B26F1C2DD00DB5688 /* Preview Content */,
			);
			path = TodoMemories;
			sourceTree = "<group>";
		};
		54B6704B26F1C2DD00DB5688 /* Preview Content */ = {
			isa = PBXGroup;
			children = (
				54B6704C26F1C2DD00DB5688 /* Preview Assets.xcassets */,
			);
			path = "Preview Content";
			sourceTree = "<group>";
		};
		54DE523C26F794300053F126 /* Views */ = {
			isa = PBXGroup;
			children = (
				54B6704726F1C2DB00DB5688 /* ContentView.swift */,
				54B6707326F1C4F900DB5688 /* FirstView.swift */,
				54B6707526F1C54A00DB5688 /* SecondView.swift */,
				54B6707726F1C55600DB5688 /* ThirdView.swift */,
				5418DC6E27B6C460007D98B0 /* CreateView.swift */,
				54B6707926F1C63700DB5688 /* EditView.swift */,
			);
			path = Views;
			sourceTree = "<group>";
		};
		54DE523D26F7946C0053F126 /* Entities */ = {
			isa = PBXGroup;
			children = (
				54B6708026F2CBCF00DB5688 /* Todo.swift */,
				547AC60F2862B9BB000ABE3C /* Day.swift */,
			);
			path = Entities;
			sourceTree = "<group>";
		};
		54DE523E26F794A00053F126 /* Components */ = {
			isa = PBXGroup;
			children = (
				5407BBCE27195E0C005D1E29 /* CustomEditButton.swift */,
				547AC6172862E6C5000ABE3C /* TodoRow.swift */,
				547AC6192862EE71000ABE3C /* BarChart.swift */,
				547AC61E2862F00E000ABE3C /* ChartPage.swift */,
				547AC6202862F672000ABE3C /* ChartsSection.swift */,
			);
			path = Components;
			sourceTree = "<group>";
		};
		54DE528626F8A1DF0053F126 /* Frameworks */ = {
			isa = PBXGroup;
			children = (
				54DE528726F8A1DF0053F126 /* WidgetKit.framework */,
				54DE528926F8A1DF0053F126 /* SwiftUI.framework */,
			);
			name = Frameworks;
			sourceTree = "<group>";
		};
		54DE528B26F8A1DF0053F126 /* FirstWidget */ = {
			isa = PBXGroup;
			children = (
				54DE528C26F8A1DF0053F126 /* FirstWidget.swift */,
				54DE528E26F8A1DF0053F126 /* FirstWidget.intentdefinition */,
				54DE528F26F8A1E00053F126 /* Assets.xcassets */,
				54DE529126F8A1E00053F126 /* Info.plist */,
			);
			path = FirstWidget;
			sourceTree = "<group>";
		};
/* End PBXGroup section */

/* Begin PBXNativeTarget section */
		54B6703F26F1C2DB00DB5688 /* TodoMemories */ = {
			isa = PBXNativeTarget;
			buildConfigurationList = 54B6706A26F1C2DD00DB5688 /* Build configuration list for PBXNativeTarget "TodoMemories" */;
			buildPhases = (
				54B6703C26F1C2DB00DB5688 /* Sources */,
				54B6703D26F1C2DB00DB5688 /* Frameworks */,
				54B6703E26F1C2DB00DB5688 /* Resources */,
				54DE529A26F8A1E00053F126 /* Embed App Extensions */,
			);
			buildRules = (
			);
			dependencies = (
				54DE529526F8A1E00053F126 /* PBXTargetDependency */,
			);
			name = TodoMemories;
			packageProductDependencies = (
				54B6707C26F2CB9B00DB5688 /* Realm */,
				54B6707E26F2CB9B00DB5688 /* RealmSwift */,
				545C16CF2859BF6A0037C723 /* Introspect */,
				547AC61C2862EF7D000ABE3C /* Charts */,
			);
			productName = TodoDiary;
			productReference = 54B6704026F1C2DB00DB5688 /* TodoMemories.app */;
			productType = "com.apple.product-type.application";
		};
		54B6705526F1C2DD00DB5688 /* TodoMemoriesTests */ = {
			isa = PBXNativeTarget;
			buildConfigurationList = 54B6706D26F1C2DD00DB5688 /* Build configuration list for PBXNativeTarget "TodoMemoriesTests" */;
			buildPhases = (
				54B6705226F1C2DD00DB5688 /* Sources */,
				54B6705326F1C2DD00DB5688 /* Frameworks */,
				54B6705426F1C2DD00DB5688 /* Resources */,
			);
			buildRules = (
			);
			dependencies = (
				54B6705826F1C2DD00DB5688 /* PBXTargetDependency */,
			);
			name = TodoMemoriesTests;
			productName = TodoDiaryTests;
			productReference = 54B6705626F1C2DD00DB5688 /* TodoMemoriesTests.xctest */;
			productType = "com.apple.product-type.bundle.unit-test";
		};
		54B6706026F1C2DD00DB5688 /* TodoMemoriesUITests */ = {
			isa = PBXNativeTarget;
			buildConfigurationList = 54B6707026F1C2DD00DB5688 /* Build configuration list for PBXNativeTarget "TodoMemoriesUITests" */;
			buildPhases = (
				54B6705D26F1C2DD00DB5688 /* Sources */,
				54B6705E26F1C2DD00DB5688 /* Frameworks */,
				54B6705F26F1C2DD00DB5688 /* Resources */,
			);
			buildRules = (
			);
			dependencies = (
				54B6706326F1C2DD00DB5688 /* PBXTargetDependency */,
			);
			name = TodoMemoriesUITests;
			productName = TodoDiaryUITests;
			productReference = 54B6706126F1C2DD00DB5688 /* TodoMemoriesUITests.xctest */;
			productType = "com.apple.product-type.bundle.ui-testing";
		};
		54DE528426F8A1DF0053F126 /* FirstWidgetExtension */ = {
			isa = PBXNativeTarget;
			buildConfigurationList = 54DE529726F8A1E00053F126 /* Build configuration list for PBXNativeTarget "FirstWidgetExtension" */;
			buildPhases = (
				54DE528126F8A1DF0053F126 /* Sources */,
				54DE528226F8A1DF0053F126 /* Frameworks */,
				54DE528326F8A1DF0053F126 /* Resources */,
			);
			buildRules = (
			);
			dependencies = (
			);
			name = FirstWidgetExtension;
			packageProductDependencies = (
				54DE529D26F8B7310053F126 /* Realm */,
				54DE529F26F8B7340053F126 /* RealmSwift */,
			);
			productName = FirstWidgetExtension;
			productReference = 54DE528526F8A1DF0053F126 /* FirstWidgetExtension.appex */;
			productType = "com.apple.product-type.app-extension";
		};
/* End PBXNativeTarget section */

/* Begin PBXProject section */
		54B6703826F1C2DB00DB5688 /* Project object */ = {
			isa = PBXProject;
			attributes = {
				LastSwiftUpdateCheck = 1250;
				LastUpgradeCheck = 1250;
				TargetAttributes = {
					54B6703F26F1C2DB00DB5688 = {
						CreatedOnToolsVersion = 12.5.1;
					};
					54B6705526F1C2DD00DB5688 = {
						CreatedOnToolsVersion = 12.5.1;
						TestTargetID = 54B6703F26F1C2DB00DB5688;
					};
					54B6706026F1C2DD00DB5688 = {
						CreatedOnToolsVersion = 12.5.1;
						TestTargetID = 54B6703F26F1C2DB00DB5688;
					};
					54DE528426F8A1DF0053F126 = {
						CreatedOnToolsVersion = 12.5.1;
					};
				};
			};
			buildConfigurationList = 54B6703B26F1C2DB00DB5688 /* Build configuration list for PBXProject "TodoMemories" */;
			compatibilityVersion = "Xcode 9.3";
			developmentRegion = en;
			hasScannedForEncodings = 0;
			knownRegions = (
				en,
				Base,
			);
			mainGroup = 54B6703726F1C2DB00DB5688;
			packageReferences = (
				54B6707B26F2CB9B00DB5688 /* XCRemoteSwiftPackageReference "realm-cocoa" */,
				545C16CE2859BF6A0037C723 /* XCRemoteSwiftPackageReference "SwiftUI-Introspect" */,
				547AC61B2862EF7D000ABE3C /* XCRemoteSwiftPackageReference "Charts" */,
			);
			productRefGroup = 54B6704126F1C2DB00DB5688 /* Products */;
			projectDirPath = "";
			projectRoot = "";
			targets = (
				54B6703F26F1C2DB00DB5688 /* TodoMemories */,
				54B6705526F1C2DD00DB5688 /* TodoMemoriesTests */,
				54B6706026F1C2DD00DB5688 /* TodoMemoriesUITests */,
				54DE528426F8A1DF0053F126 /* FirstWidgetExtension */,
			);
		};
/* End PBXProject section */

/* Begin PBXResourcesBuildPhase section */
		54B6703E26F1C2DB00DB5688 /* Resources */ = {
			isa = PBXResourcesBuildPhase;
			buildActionMask = 2147483647;
			files = (
				54B6705026F1C2DD00DB5688 /* LaunchScreen.storyboard in Resources */,
				54B6704D26F1C2DD00DB5688 /* Preview Assets.xcassets in Resources */,
				54B6704A26F1C2DD00DB5688 /* Assets.xcassets in Resources */,
			);
			runOnlyForDeploymentPostprocessing = 0;
		};
		54B6705426F1C2DD00DB5688 /* Resources */ = {
			isa = PBXResourcesBuildPhase;
			buildActionMask = 2147483647;
			files = (
			);
			runOnlyForDeploymentPostprocessing = 0;
		};
		54B6705F26F1C2DD00DB5688 /* Resources */ = {
			isa = PBXResourcesBuildPhase;
			buildActionMask = 2147483647;
			files = (
			);
			runOnlyForDeploymentPostprocessing = 0;
		};
		54DE528326F8A1DF0053F126 /* Resources */ = {
			isa = PBXResourcesBuildPhase;
			buildActionMask = 2147483647;
			files = (
				54DE529026F8A1E00053F126 /* Assets.xcassets in Resources */,
			);
			runOnlyForDeploymentPostprocessing = 0;
		};
/* End PBXResourcesBuildPhase section */

/* Begin PBXSourcesBuildPhase section */
		54B6703C26F1C2DB00DB5688 /* Sources */ = {
			isa = PBXSourcesBuildPhase;
			buildActionMask = 2147483647;
			files = (
				5407BBCF27195E0C005D1E29 /* CustomEditButton.swift in Sources */,
				547AC6182862E6C5000ABE3C /* TodoRow.swift in Sources */,
				54B6707626F1C54A00DB5688 /* SecondView.swift in Sources */,
				54B6707426F1C4F900DB5688 /* FirstView.swift in Sources */,
				547AC6212862F672000ABE3C /* ChartsSection.swift in Sources */,
				54B6708126F2CBCF00DB5688 /* Todo.swift in Sources */,
				54DE529326F8A1E00053F126 /* FirstWidget.intentdefinition in Sources */,
				547AC6132862BA18000ABE3C /* AchievedDaysViewModel.swift in Sources */,
				54B6707A26F1C63700DB5688 /* EditView.swift in Sources */,
				5418DC6F27B6C460007D98B0 /* CreateView.swift in Sources */,
				547AC61F2862F00E000ABE3C /* ChartPage.swift in Sources */,
				54B6707826F1C55600DB5688 /* ThirdView.swift in Sources */,
				547AC6162862C58A000ABE3C /* DayConverter.swift in Sources */,
				54B6704826F1C2DB00DB5688 /* ContentView.swift in Sources */,
				54CD1834274E82E00063C42E /* TodoMemoriesApp.swift in Sources */,
				547AC61A2862EE71000ABE3C /* BarChart.swift in Sources */,
				547AC6102862B9BB000ABE3C /* Day.swift in Sources */,
			);
			runOnlyForDeploymentPostprocessing = 0;
		};
		54B6705226F1C2DD00DB5688 /* Sources */ = {
			isa = PBXSourcesBuildPhase;
			buildActionMask = 2147483647;
			files = (
			);
			runOnlyForDeploymentPostprocessing = 0;
		};
		54B6705D26F1C2DD00DB5688 /* Sources */ = {
			isa = PBXSourcesBuildPhase;
			buildActionMask = 2147483647;
			files = (
			);
			runOnlyForDeploymentPostprocessing = 0;
		};
		54DE528126F8A1DF0053F126 /* Sources */ = {
			isa = PBXSourcesBuildPhase;
			buildActionMask = 2147483647;
			files = (
				54DE528D26F8A1DF0053F126 /* FirstWidget.swift in Sources */,
				54DE529C26F8B6E10053F126 /* Todo.swift in Sources */,
				54DE529226F8A1E00053F126 /* FirstWidget.intentdefinition in Sources */,
			);
			runOnlyForDeploymentPostprocessing = 0;
		};
/* End PBXSourcesBuildPhase section */

/* Begin PBXTargetDependency section */
		54B6705826F1C2DD00DB5688 /* PBXTargetDependency */ = {
			isa = PBXTargetDependency;
			target = 54B6703F26F1C2DB00DB5688 /* TodoMemories */;
			targetProxy = 54B6705726F1C2DD00DB5688 /* PBXContainerItemProxy */;
		};
		54B6706326F1C2DD00DB5688 /* PBXTargetDependency */ = {
			isa = PBXTargetDependency;
			target = 54B6703F26F1C2DB00DB5688 /* TodoMemories */;
			targetProxy = 54B6706226F1C2DD00DB5688 /* PBXContainerItemProxy */;
		};
		54DE529526F8A1E00053F126 /* PBXTargetDependency */ = {
			isa = PBXTargetDependency;
			target = 54DE528426F8A1DF0053F126 /* FirstWidgetExtension */;
			targetProxy = 54DE529426F8A1E00053F126 /* PBXContainerItemProxy */;
		};
/* End PBXTargetDependency section */

/* Begin PBXVariantGroup section */
		54B6704E26F1C2DD00DB5688 /* LaunchScreen.storyboard */ = {
			isa = PBXVariantGroup;
			children = (
				54B6704F26F1C2DD00DB5688 /* Base */,
			);
			name = LaunchScreen.storyboard;
			sourceTree = "<group>";
		};
/* End PBXVariantGroup section */

/* Begin XCBuildConfiguration section */
		54B6706826F1C2DD00DB5688 /* Debug */ = {
			isa = XCBuildConfiguration;
			buildSettings = {
				ALWAYS_SEARCH_USER_PATHS = NO;
				CLANG_ANALYZER_NONNULL = YES;
				CLANG_ANALYZER_NUMBER_OBJECT_CONVERSION = YES_AGGRESSIVE;
				CLANG_CXX_LANGUAGE_STANDARD = "gnu++14";
				CLANG_CXX_LIBRARY = "libc++";
				CLANG_ENABLE_MODULES = YES;
				CLANG_ENABLE_OBJC_ARC = YES;
				CLANG_ENABLE_OBJC_WEAK = YES;
				CLANG_WARN_BLOCK_CAPTURE_AUTORELEASING = YES;
				CLANG_WARN_BOOL_CONVERSION = YES;
				CLANG_WARN_COMMA = YES;
				CLANG_WARN_CONSTANT_CONVERSION = YES;
				CLANG_WARN_DEPRECATED_OBJC_IMPLEMENTATIONS = YES;
				CLANG_WARN_DIRECT_OBJC_ISA_USAGE = YES_ERROR;
				CLANG_WARN_DOCUMENTATION_COMMENTS = YES;
				CLANG_WARN_EMPTY_BODY = YES;
				CLANG_WARN_ENUM_CONVERSION = YES;
				CLANG_WARN_INFINITE_RECURSION = YES;
				CLANG_WARN_INT_CONVERSION = YES;
				CLANG_WARN_NON_LITERAL_NULL_CONVERSION = YES;
				CLANG_WARN_OBJC_IMPLICIT_RETAIN_SELF = YES;
				CLANG_WARN_OBJC_LITERAL_CONVERSION = YES;
				CLANG_WARN_OBJC_ROOT_CLASS = YES_ERROR;
				CLANG_WARN_QUOTED_INCLUDE_IN_FRAMEWORK_HEADER = YES;
				CLANG_WARN_RANGE_LOOP_ANALYSIS = YES;
				CLANG_WARN_STRICT_PROTOTYPES = YES;
				CLANG_WARN_SUSPICIOUS_MOVE = YES;
				CLANG_WARN_UNGUARDED_AVAILABILITY = YES_AGGRESSIVE;
				CLANG_WARN_UNREACHABLE_CODE = YES;
				CLANG_WARN__DUPLICATE_METHOD_MATCH = YES;
				COPY_PHASE_STRIP = NO;
				DEBUG_INFORMATION_FORMAT = dwarf;
				ENABLE_STRICT_OBJC_MSGSEND = YES;
				ENABLE_TESTABILITY = YES;
				GCC_C_LANGUAGE_STANDARD = gnu11;
				GCC_DYNAMIC_NO_PIC = NO;
				GCC_NO_COMMON_BLOCKS = YES;
				GCC_OPTIMIZATION_LEVEL = 0;
				GCC_PREPROCESSOR_DEFINITIONS = (
					"DEBUG=1",
					"$(inherited)",
				);
				GCC_WARN_64_TO_32_BIT_CONVERSION = YES;
				GCC_WARN_ABOUT_RETURN_TYPE = YES_ERROR;
				GCC_WARN_UNDECLARED_SELECTOR = YES;
				GCC_WARN_UNINITIALIZED_AUTOS = YES_AGGRESSIVE;
				GCC_WARN_UNUSED_FUNCTION = YES;
				GCC_WARN_UNUSED_VARIABLE = YES;
				IPHONEOS_DEPLOYMENT_TARGET = 15.0;
				MTL_ENABLE_DEBUG_INFO = INCLUDE_SOURCE;
				MTL_FAST_MATH = YES;
				ONLY_ACTIVE_ARCH = YES;
				SDKROOT = iphoneos;
				SWIFT_ACTIVE_COMPILATION_CONDITIONS = DEBUG;
				SWIFT_OPTIMIZATION_LEVEL = "-Onone";
			};
			name = Debug;
		};
		54B6706926F1C2DD00DB5688 /* Release */ = {
			isa = XCBuildConfiguration;
			buildSettings = {
				ALWAYS_SEARCH_USER_PATHS = NO;
				CLANG_ANALYZER_NONNULL = YES;
				CLANG_ANALYZER_NUMBER_OBJECT_CONVERSION = YES_AGGRESSIVE;
				CLANG_CXX_LANGUAGE_STANDARD = "gnu++14";
				CLANG_CXX_LIBRARY = "libc++";
				CLANG_ENABLE_MODULES = YES;
				CLANG_ENABLE_OBJC_ARC = YES;
				CLANG_ENABLE_OBJC_WEAK = YES;
				CLANG_WARN_BLOCK_CAPTURE_AUTORELEASING = YES;
				CLANG_WARN_BOOL_CONVERSION = YES;
				CLANG_WARN_COMMA = YES;
				CLANG_WARN_CONSTANT_CONVERSION = YES;
				CLANG_WARN_DEPRECATED_OBJC_IMPLEMENTATIONS = YES;
				CLANG_WARN_DIRECT_OBJC_ISA_USAGE = YES_ERROR;
				CLANG_WARN_DOCUMENTATION_COMMENTS = YES;
				CLANG_WARN_EMPTY_BODY = YES;
				CLANG_WARN_ENUM_CONVERSION = YES;
				CLANG_WARN_INFINITE_RECURSION = YES;
				CLANG_WARN_INT_CONVERSION = YES;
				CLANG_WARN_NON_LITERAL_NULL_CONVERSION = YES;
				CLANG_WARN_OBJC_IMPLICIT_RETAIN_SELF = YES;
				CLANG_WARN_OBJC_LITERAL_CONVERSION = YES;
				CLANG_WARN_OBJC_ROOT_CLASS = YES_ERROR;
				CLANG_WARN_QUOTED_INCLUDE_IN_FRAMEWORK_HEADER = YES;
				CLANG_WARN_RANGE_LOOP_ANALYSIS = YES;
				CLANG_WARN_STRICT_PROTOTYPES = YES;
				CLANG_WARN_SUSPICIOUS_MOVE = YES;
				CLANG_WARN_UNGUARDED_AVAILABILITY = YES_AGGRESSIVE;
				CLANG_WARN_UNREACHABLE_CODE = YES;
				CLANG_WARN__DUPLICATE_METHOD_MATCH = YES;
				COPY_PHASE_STRIP = NO;
				DEBUG_INFORMATION_FORMAT = "dwarf-with-dsym";
				ENABLE_NS_ASSERTIONS = NO;
				ENABLE_STRICT_OBJC_MSGSEND = YES;
				GCC_C_LANGUAGE_STANDARD = gnu11;
				GCC_NO_COMMON_BLOCKS = YES;
				GCC_WARN_64_TO_32_BIT_CONVERSION = YES;
				GCC_WARN_ABOUT_RETURN_TYPE = YES_ERROR;
				GCC_WARN_UNDECLARED_SELECTOR = YES;
				GCC_WARN_UNINITIALIZED_AUTOS = YES_AGGRESSIVE;
				GCC_WARN_UNUSED_FUNCTION = YES;
				GCC_WARN_UNUSED_VARIABLE = YES;
				IPHONEOS_DEPLOYMENT_TARGET = 15.0;
				MTL_ENABLE_DEBUG_INFO = NO;
				MTL_FAST_MATH = YES;
				SDKROOT = iphoneos;
				SWIFT_COMPILATION_MODE = wholemodule;
				SWIFT_OPTIMIZATION_LEVEL = "-O";
				VALIDATE_PRODUCT = YES;
			};
			name = Release;
		};
		54B6706B26F1C2DD00DB5688 /* Debug */ = {
			isa = XCBuildConfiguration;
			buildSettings = {
				ALWAYS_EMBED_SWIFT_STANDARD_LIBRARIES = YES;
				ASSETCATALOG_COMPILER_APPICON_NAME = AppIcon;
				ASSETCATALOG_COMPILER_GLOBAL_ACCENT_COLOR_NAME = AccentColor;
				CODE_SIGN_ENTITLEMENTS = TodoMemories/TodoMemories.entitlements;
				CODE_SIGN_STYLE = Automatic;
				DEVELOPMENT_ASSET_PATHS = "\"TodoMemories/Preview Content\"";
				DEVELOPMENT_TEAM = RY7754Y275;
				ENABLE_PREVIEWS = YES;
				INFOPLIST_FILE = TodoMemories/Info.plist;
				LD_RUNPATH_SEARCH_PATHS = (
					"$(inherited)",
					"@executable_path/Frameworks",
				);
				PRODUCT_BUNDLE_IDENTIFIER = com.example.y.TodoDiary;
				PRODUCT_NAME = "$(TARGET_NAME)";
				SWIFT_VERSION = 5.0;
				TARGETED_DEVICE_FAMILY = "1,2";
			};
			name = Debug;
		};
		54B6706C26F1C2DD00DB5688 /* Release */ = {
			isa = XCBuildConfiguration;
			buildSettings = {
				ALWAYS_EMBED_SWIFT_STANDARD_LIBRARIES = YES;
				ASSETCATALOG_COMPILER_APPICON_NAME = AppIcon;
				ASSETCATALOG_COMPILER_GLOBAL_ACCENT_COLOR_NAME = AccentColor;
				CODE_SIGN_ENTITLEMENTS = TodoMemories/TodoMemories.entitlements;
				CODE_SIGN_STYLE = Automatic;
				DEVELOPMENT_ASSET_PATHS = "\"TodoMemories/Preview Content\"";
				DEVELOPMENT_TEAM = RY7754Y275;
				ENABLE_PREVIEWS = YES;
				INFOPLIST_FILE = TodoMemories/Info.plist;
				LD_RUNPATH_SEARCH_PATHS = (
					"$(inherited)",
					"@executable_path/Frameworks",
				);
				PRODUCT_BUNDLE_IDENTIFIER = com.example.y.TodoDiary;
				PRODUCT_NAME = "$(TARGET_NAME)";
				SWIFT_VERSION = 5.0;
				TARGETED_DEVICE_FAMILY = "1,2";
			};
			name = Release;
		};
		54B6706E26F1C2DD00DB5688 /* Debug */ = {
			isa = XCBuildConfiguration;
			buildSettings = {
				ALWAYS_EMBED_SWIFT_STANDARD_LIBRARIES = YES;
				BUNDLE_LOADER = "$(TEST_HOST)";
				CODE_SIGN_STYLE = Automatic;
				DEVELOPMENT_TEAM = RY7754Y275;
				INFOPLIST_FILE = TodoDiaryTests/Info.plist;
				IPHONEOS_DEPLOYMENT_TARGET = 14.5;
				LD_RUNPATH_SEARCH_PATHS = (
					"$(inherited)",
					"@executable_path/Frameworks",
					"@loader_path/Frameworks",
				);
				PRODUCT_BUNDLE_IDENTIFIER = com.example.y.TodoDiaryTests;
				PRODUCT_NAME = "$(TARGET_NAME)";
				SWIFT_VERSION = 5.0;
				TARGETED_DEVICE_FAMILY = "1,2";
				TEST_HOST = "$(BUILT_PRODUCTS_DIR)/TodoMemories.app/TodoMemories";
			};
			name = Debug;
		};
		54B6706F26F1C2DD00DB5688 /* Release */ = {
			isa = XCBuildConfiguration;
			buildSettings = {
				ALWAYS_EMBED_SWIFT_STANDARD_LIBRARIES = YES;
				BUNDLE_LOADER = "$(TEST_HOST)";
				CODE_SIGN_STYLE = Automatic;
				DEVELOPMENT_TEAM = RY7754Y275;
				INFOPLIST_FILE = TodoDiaryTests/Info.plist;
				IPHONEOS_DEPLOYMENT_TARGET = 14.5;
				LD_RUNPATH_SEARCH_PATHS = (
					"$(inherited)",
					"@executable_path/Frameworks",
					"@loader_path/Frameworks",
				);
				PRODUCT_BUNDLE_IDENTIFIER = com.example.y.TodoDiaryTests;
				PRODUCT_NAME = "$(TARGET_NAME)";
				SWIFT_VERSION = 5.0;
				TARGETED_DEVICE_FAMILY = "1,2";
				TEST_HOST = "$(BUILT_PRODUCTS_DIR)/TodoMemories.app/TodoMemories";
			};
			name = Release;
		};
		54B6707126F1C2DD00DB5688 /* Debug */ = {
			isa = XCBuildConfiguration;
			buildSettings = {
				ALWAYS_EMBED_SWIFT_STANDARD_LIBRARIES = YES;
				CODE_SIGN_STYLE = Automatic;
				DEVELOPMENT_TEAM = RY7754Y275;
				INFOPLIST_FILE = TodoDiaryUITests/Info.plist;
				LD_RUNPATH_SEARCH_PATHS = (
					"$(inherited)",
					"@executable_path/Frameworks",
					"@loader_path/Frameworks",
				);
				PRODUCT_BUNDLE_IDENTIFIER = com.example.y.TodoDiaryUITests;
				PRODUCT_NAME = "$(TARGET_NAME)";
				SWIFT_VERSION = 5.0;
				TARGETED_DEVICE_FAMILY = "1,2";
				TEST_TARGET_NAME = TodoDiary;
			};
			name = Debug;
		};
		54B6707226F1C2DD00DB5688 /* Release */ = {
			isa = XCBuildConfiguration;
			buildSettings = {
				ALWAYS_EMBED_SWIFT_STANDARD_LIBRARIES = YES;
				CODE_SIGN_STYLE = Automatic;
				DEVELOPMENT_TEAM = RY7754Y275;
				INFOPLIST_FILE = TodoDiaryUITests/Info.plist;
				LD_RUNPATH_SEARCH_PATHS = (
					"$(inherited)",
					"@executable_path/Frameworks",
					"@loader_path/Frameworks",
				);
				PRODUCT_BUNDLE_IDENTIFIER = com.example.y.TodoDiaryUITests;
				PRODUCT_NAME = "$(TARGET_NAME)";
				SWIFT_VERSION = 5.0;
				TARGETED_DEVICE_FAMILY = "1,2";
				TEST_TARGET_NAME = TodoDiary;
			};
			name = Release;
		};
		54DE529826F8A1E00053F126 /* Debug */ = {
			isa = XCBuildConfiguration;
			buildSettings = {
				ASSETCATALOG_COMPILER_GLOBAL_ACCENT_COLOR_NAME = AccentColor;
				ASSETCATALOG_COMPILER_WIDGET_BACKGROUND_COLOR_NAME = WidgetBackground;
				CODE_SIGN_ENTITLEMENTS = FirstWidgetExtension.entitlements;
				CODE_SIGN_STYLE = Automatic;
				DEVELOPMENT_TEAM = RY7754Y275;
				INFOPLIST_FILE = FirstWidget/Info.plist;
				LD_RUNPATH_SEARCH_PATHS = (
					"$(inherited)",
					"@executable_path/Frameworks",
					"@executable_path/../../Frameworks",
				);
				PRODUCT_BUNDLE_IDENTIFIER = com.example.y.TodoDiary.FirstWidget;
				PRODUCT_NAME = "$(TARGET_NAME)";
				SKIP_INSTALL = YES;
				SWIFT_VERSION = 5.0;
				TARGETED_DEVICE_FAMILY = "1,2";
			};
			name = Debug;
		};
		54DE529926F8A1E00053F126 /* Release */ = {
			isa = XCBuildConfiguration;
			buildSettings = {
				ASSETCATALOG_COMPILER_GLOBAL_ACCENT_COLOR_NAME = AccentColor;
				ASSETCATALOG_COMPILER_WIDGET_BACKGROUND_COLOR_NAME = WidgetBackground;
				CODE_SIGN_ENTITLEMENTS = FirstWidgetExtension.entitlements;
				CODE_SIGN_STYLE = Automatic;
				DEVELOPMENT_TEAM = RY7754Y275;
				INFOPLIST_FILE = FirstWidget/Info.plist;
				LD_RUNPATH_SEARCH_PATHS = (
					"$(inherited)",
					"@executable_path/Frameworks",
					"@executable_path/../../Frameworks",
				);
				PRODUCT_BUNDLE_IDENTIFIER = com.example.y.TodoDiary.FirstWidget;
				PRODUCT_NAME = "$(TARGET_NAME)";
				SKIP_INSTALL = YES;
				SWIFT_VERSION = 5.0;
				TARGETED_DEVICE_FAMILY = "1,2";
			};
			name = Release;
		};
/* End XCBuildConfiguration section */

/* Begin XCConfigurationList section */
		54B6703B26F1C2DB00DB5688 /* Build configuration list for PBXProject "TodoMemories" */ = {
			isa = XCConfigurationList;
			buildConfigurations = (
				54B6706826F1C2DD00DB5688 /* Debug */,
				54B6706926F1C2DD00DB5688 /* Release */,
			);
			defaultConfigurationIsVisible = 0;
			defaultConfigurationName = Release;
		};
		54B6706A26F1C2DD00DB5688 /* Build configuration list for PBXNativeTarget "TodoMemories" */ = {
			isa = XCConfigurationList;
			buildConfigurations = (
				54B6706B26F1C2DD00DB5688 /* Debug */,
				54B6706C26F1C2DD00DB5688 /* Release */,
			);
			defaultConfigurationIsVisible = 0;
			defaultConfigurationName = Release;
		};
		54B6706D26F1C2DD00DB5688 /* Build configuration list for PBXNativeTarget "TodoMemoriesTests" */ = {
			isa = XCConfigurationList;
			buildConfigurations = (
				54B6706E26F1C2DD00DB5688 /* Debug */,
				54B6706F26F1C2DD00DB5688 /* Release */,
			);
			defaultConfigurationIsVisible = 0;
			defaultConfigurationName = Release;
		};
		54B6707026F1C2DD00DB5688 /* Build configuration list for PBXNativeTarget "TodoMemoriesUITests" */ = {
			isa = XCConfigurationList;
			buildConfigurations = (
				54B6707126F1C2DD00DB5688 /* Debug */,
				54B6707226F1C2DD00DB5688 /* Release */,
			);
			defaultConfigurationIsVisible = 0;
			defaultConfigurationName = Release;
		};
		54DE529726F8A1E00053F126 /* Build configuration list for PBXNativeTarget "FirstWidgetExtension" */ = {
			isa = XCConfigurationList;
			buildConfigurations = (
				54DE529826F8A1E00053F126 /* Debug */,
				54DE529926F8A1E00053F126 /* Release */,
			);
			defaultConfigurationIsVisible = 0;
			defaultConfigurationName = Release;
		};
/* End XCConfigurationList section */

/* Begin XCRemoteSwiftPackageReference section */
		545C16CE2859BF6A0037C723 /* XCRemoteSwiftPackageReference "SwiftUI-Introspect" */ = {
			isa = XCRemoteSwiftPackageReference;
			repositoryURL = "https://github.com/siteline/SwiftUI-Introspect";
			requirement = {
				branch = master;
				kind = branch;
			};
		};
		547AC61B2862EF7D000ABE3C /* XCRemoteSwiftPackageReference "Charts" */ = {
			isa = XCRemoteSwiftPackageReference;
			repositoryURL = "https://github.com/danielgindi/Charts";
			requirement = {
				kind = upToNextMajorVersion;
				minimumVersion = 3.0.0;
			};
		};
		54B6707B26F2CB9B00DB5688 /* XCRemoteSwiftPackageReference "realm-cocoa" */ = {
			isa = XCRemoteSwiftPackageReference;
			repositoryURL = "https://github.com/realm/realm-cocoa.git";
			requirement = {
				kind = upToNextMajorVersion;
				minimumVersion = 10.20.0;
			};
		};
/* End XCRemoteSwiftPackageReference section */

/* Begin XCSwiftPackageProductDependency section */
		545C16CF2859BF6A0037C723 /* Introspect */ = {
			isa = XCSwiftPackageProductDependency;
			package = 545C16CE2859BF6A0037C723 /* XCRemoteSwiftPackageReference "SwiftUI-Introspect" */;
			productName = Introspect;
		};
		547AC61C2862EF7D000ABE3C /* Charts */ = {
			isa = XCSwiftPackageProductDependency;
			package = 547AC61B2862EF7D000ABE3C /* XCRemoteSwiftPackageReference "Charts" */;
			productName = Charts;
		};
		54B6707C26F2CB9B00DB5688 /* Realm */ = {
			isa = XCSwiftPackageProductDependency;
			package = 54B6707B26F2CB9B00DB5688 /* XCRemoteSwiftPackageReference "realm-cocoa" */;
			productName = Realm;
		};
		54B6707E26F2CB9B00DB5688 /* RealmSwift */ = {
			isa = XCSwiftPackageProductDependency;
			package = 54B6707B26F2CB9B00DB5688 /* XCRemoteSwiftPackageReference "realm-cocoa" */;
			productName = RealmSwift;
		};
		54DE529D26F8B7310053F126 /* Realm */ = {
			isa = XCSwiftPackageProductDependency;
			package = 54B6707B26F2CB9B00DB5688 /* XCRemoteSwiftPackageReference "realm-cocoa" */;
			productName = Realm;
		};
		54DE529F26F8B7340053F126 /* RealmSwift */ = {
			isa = XCSwiftPackageProductDependency;
			package = 54B6707B26F2CB9B00DB5688 /* XCRemoteSwiftPackageReference "realm-cocoa" */;
			productName = RealmSwift;
		};
/* End XCSwiftPackageProductDependency section */
	};
	rootObject = 54B6703826F1C2DB00DB5688 /* Project object */;
}
